
Microsoft Visual Studio Solution File, Format Version 12.00
# Visual Studio Version 17
VisualStudioVersion = 17.9.34728.123
MinimumVisualStudioVersion = 10.0.40219.1
Project("{FAE04EC0-301F-11D3-BF4B-00C04F79EFBC}") = "AzzureFunctionAndMidlware", "AzzureFunctionAndMidlware\AzzureFunctionAndMidlware.csproj", "{1EC4DBAF-3C96-4E5D-91C7-0C9E183B612C}"
EndProject
Global
	GlobalSection(SolutionConfigurationPlatforms) = preSolution
		Debug|Any CPU = Debug|Any CPU
		Release|Any CPU = Release|Any CPU
	EndGlobalSection
	GlobalSection(ProjectConfigurationPlatforms) = postSolution
		{1EC4DBAF-3C96-4E5D-91C7-0C9E183B612C}.Debug|Any CPU.ActiveCfg = Debug|Any CPU
		{1EC4DBAF-3C96-4E5D-91C7-0C9E183B612C}.Debug|Any CPU.Build.0 = Debug|Any CPU
		{1EC4DBAF-3C96-4E5D-91C7-0C9E183B612C}.Release|Any CPU.ActiveCfg = Release|Any CPU
		{1EC4DBAF-3C96-4E5D-91C7-0C9E183B612C}.Release|Any CPU.Build.0 = Release|Any CPU
	EndGlobalSection
	GlobalSection(SolutionProperties) = preSolution
		HideSolutionNode = FALSE
	EndGlobalSection
	GlobalSection(ExtensibilityGlobals) = postSolution
		SolutionGuid = {F9E2B487-6136-40E8-881D-0C44A3E8CA55}
	EndGlobalSection
EndGlobal
